
Microsoft Visual Studio Solution File, Format Version 12.00
# Visual Studio Version 17
VisualStudioVersion = 17.3.32811.315
MinimumVisualStudioVersion = 10.0.40219.1
Project("{FAE04EC0-301F-11D3-BF4B-00C04F79EFBC}") = "ConsoleAppDemo2", "ConsoleAppDemo2\ConsoleAppDemo2.csproj", "{936776A7-4078-466E-8281-0D435A031291}"
EndProject
Global
	GlobalSection(SolutionConfigurationPlatforms) = preSolution
		Debug|Any CPU = Debug|Any CPU
		Release|Any CPU = Release|Any CPU
	EndGlobalSection
	GlobalSection(ProjectConfigurationPlatforms) = postSolution
		{936776A7-4078-466E-8281-0D435A031291}.Debug|Any CPU.ActiveCfg = Debug|Any CPU
		{936776A7-4078-466E-8281-0D435A031291}.Debug|Any CPU.Build.0 = Debug|Any CPU
		{936776A7-4078-466E-8281-0D435A031291}.Release|Any CPU.ActiveCfg = Release|Any CPU
		{936776A7-4078-466E-8281-0D435A031291}.Release|Any CPU.Build.0 = Release|Any CPU
	EndGlobalSection
	GlobalSection(SolutionProperties) = preSolution
		HideSolutionNode = FALSE
	EndGlobalSection
	GlobalSection(ExtensibilityGlobals) = postSolution
		SolutionGuid = {01FFC600-8A6C-427A-8441-AB2F851662A3}
	EndGlobalSection
EndGlobal
